{
  "requires": true,
  "lockfileVersion": 1,
  "dependencies": {
    "@babel/helper-plugin-utils": {
      "version": "7.13.0",
      "resolved": "https://registry.npmjs.org/@babel/helper-plugin-utils/-/helper-plugin-utils-7.13.0.tgz",
      "integrity": "sha512-ZPafIPSwzUlAoWT8DKs1W2VyF2gOWthGd5NGFMsBcMMol+ZhK+EQY/e6V96poa6PA/Bh+C9plWN0hXO1uB8AfQ=="
    },
    "@babel/plugin-transform-object-assign": {
      "version": "7.12.13",
      "resolved": "https://registry.npmjs.org/@babel/plugin-transform-object-assign/-/plugin-transform-object-assign-7.12.13.tgz",
      "integrity": "sha512-4QxDMc0lAOkIBSfCrnSGbAJ+4epDBF2XXwcLXuBcG1xl9u7LrktNVD4+LwhL47XuKVPQ7R25e/WdcV+h97HyZA==",
      "requires": {
        "@babel/helper-plugin-utils": "^7.12.13"
      }
    },
    "@babel/runtime": {
      "version": "7.14.0",
      "resolved": "https://registry.npmjs.org/@babel/runtime/-/runtime-7.14.0.tgz",
      "integrity": "sha512-JELkvo/DlpNdJ7dlyw/eY7E0suy5i5GQH+Vlxaq1nsNJ+H7f4Vtv3jMeCEgRhZZQFXTjldYfQgv2qmM6M1v5wA==",
      "requires": {
        "regenerator-runtime": "^0.13.4"
      }
    },
    "@egjs/hammerjs": {
      "version": "2.0.17",
      "resolved": "https://registry.npmjs.org/@egjs/hammerjs/-/hammerjs-2.0.17.tgz",
      "integrity": "sha512-XQsZgjm2EcVUiZQf11UBJQfmZeEmOW8DpI1gsFeln6w0ae0ii4dMQEQ0kjl6DspdWX1aGY1/loyXnP0JS06e/A==",
      "requires": {
        "@types/hammerjs": "^2.0.36"
      }
    },
    "@firebase/analytics": {
      "version": "0.6.10",
      "resolved": "https://registry.npmjs.org/@firebase/analytics/-/analytics-0.6.10.tgz",
      "integrity": "sha512-dLOAfeHYKkt1mhFNzrST6X0W5Og/VKhH7VP03YlUwz1STKtPve/KV32IynjMEBgnI6DC1NIAX3V0jYK6KBum4A==",
      "requires": {
        "@firebase/analytics-types": "0.4.0",
        "@firebase/component": "0.5.0",
        "@firebase/installations": "0.4.26",
        "@firebase/logger": "0.2.6",
        "@firebase/util": "1.1.0",
        "tslib": "^2.1.0"
      }
    },
    "@firebase/analytics-types": {
      "version": "0.4.0",
      "resolved": "https://registry.npmjs.org/@firebase/analytics-types/-/analytics-types-0.4.0.tgz",
      "integrity": "sha512-Jj2xW+8+8XPfWGkv9HPv/uR+Qrmq37NPYT352wf7MvE9LrstpLVmFg3LqG6MCRr5miLAom5sen2gZ+iOhVDeRA=="
    },
    "@firebase/app": {
      "version": "0.6.22",
      "resolved": "https://registry.npmjs.org/@firebase/app/-/app-0.6.22.tgz",
      "integrity": "sha512-9E0KP7Z+LpBOx/oQauLYvf3XleYpbfoi058wStADUtP+eOX5GIImAFNDTOO4ZNuJfLgyrHpKi7Cct6mDdxrz+g==",
      "requires": {
        "@firebase/app-types": "0.6.2",
        "@firebase/component": "0.5.0",
        "@firebase/logger": "0.2.6",
        "@firebase/util": "1.1.0",
        "dom-storage": "2.1.0",
        "tslib": "^2.1.0",
        "xmlhttprequest": "1.8.0"
      }
    },
    "@firebase/app-check": {
      "version": "0.1.1",
      "resolved": "https://registry.npmjs.org/@firebase/app-check/-/app-check-0.1.1.tgz",
      "integrity": "sha512-nBNiyhbCBpaVfVNjwGor+f0LZkn5kf1QRdMPbRyZUJG6BjTByMhNmbezEaCWNO0MNBhsNqYqiXUivHJU4A3+2Q==",
      "requires": {
        "@firebase/app-check-interop-types": "0.1.0",
        "@firebase/app-check-types": "0.1.0",
        "@firebase/component": "0.5.0",
        "@firebase/logger": "0.2.6",
        "@firebase/util": "1.1.0",
        "tslib": "^2.1.0"
      }
    },
    "@firebase/app-check-interop-types": {
      "version": "0.1.0",
      "resolved": "https://registry.npmjs.org/@firebase/app-check-interop-types/-/app-check-interop-types-0.1.0.tgz",
      "integrity": "sha512-uZfn9s4uuRsaX5Lwx+gFP3B6YsyOKUE+Rqa6z9ojT4VSRAsZFko9FRn6OxQUA1z5t5d08fY4pf+/+Dkd5wbdbA=="
    },
    "@firebase/app-check-types": {
      "version": "0.1.0",
      "resolved": "https://registry.npmjs.org/@firebase/app-check-types/-/app-check-types-0.1.0.tgz",
      "integrity": "sha512-jf92QzVkj9ulyp/K01h/GpVYNSjuk6DP9nHkq4AUyM+35e96cl9gL3+qOTD0//5CVfrWjRo7+lbVlW2OpG/JDQ=="
    },
    "@firebase/app-types": {
      "version": "0.6.2",
      "resolved": "https://registry.npmjs.org/@firebase/app-types/-/app-types-0.6.2.tgz",
      "integrity": "sha512-2VXvq/K+n8XMdM4L2xy5bYp2ZXMawJXluUIDzUBvMthVR+lhxK4pfFiqr1mmDbv9ydXvEAuFsD+6DpcZuJcSSw=="
    },
    "@firebase/auth": {
      "version": "0.16.6",
      "resolved": "https://registry.npmjs.org/@firebase/auth/-/auth-0.16.6.tgz",
      "integrity": "sha512-1Lj3AY40Z2weCK6FuJqUEkeVJpRaaCo1LT6P5s3VIR99PDYLHeMm2m02rBaskE7ralJA975Vkv7sHrpykRfDrA==",
      "requires": {
        "@firebase/auth-types": "0.10.3"
      }
    },
    "@firebase/auth-interop-types": {
      "version": "0.1.6",
      "resolved": "https://registry.npmjs.org/@firebase/auth-interop-types/-/auth-interop-types-0.1.6.tgz",
      "integrity": "sha512-etIi92fW3CctsmR9e3sYM3Uqnoq861M0Id9mdOPF6PWIg38BXL5k4upCNBggGUpLIS0H1grMOvy/wn1xymwe2g=="
    },
    "@firebase/auth-types": {
      "version": "0.10.3",
      "resolved": "https://registry.npmjs.org/@firebase/auth-types/-/auth-types-0.10.3.tgz",
      "integrity": "sha512-zExrThRqyqGUbXOFrH/sowuh2rRtfKHp9SBVY2vOqKWdCX1Ztn682n9WLtlUDsiYVIbBcwautYWk2HyCGFv0OA=="
    },
    "@firebase/component": {
      "version": "0.5.0",
      "resolved": "https://registry.npmjs.org/@firebase/component/-/component-0.5.0.tgz",
      "integrity": "sha512-v18csWtXb0ri+3m7wuGLY/UDgcb89vuMlZGQ//+7jEPLIQeLbylvZhol1uzW9WzoOpxMxOS2W5qyVGX36wZvEA==",
      "requires": {
        "@firebase/util": "1.1.0",
        "tslib": "^2.1.0"
      }
    },
    "@firebase/database": {
      "version": "0.10.1",
      "resolved": "https://registry.npmjs.org/@firebase/database/-/database-0.10.1.tgz",
      "integrity": "sha512-umT0kynJKc5VpVBOg3+YTDzdJORssh+QqPjoHfbSvtmgZizNiV8mgmKRcDhlVM6CisPb6v5xBn9l8JbK/WRQ1Q==",
      "requires": {
        "@firebase/auth-interop-types": "0.1.6",
        "@firebase/component": "0.5.0",
        "@firebase/database-types": "0.7.2",
        "@firebase/logger": "0.2.6",
        "@firebase/util": "1.1.0",
        "faye-websocket": "0.11.3",
        "tslib": "^2.1.0"
      }
    },
    "@firebase/database-types": {
      "version": "0.7.2",
      "resolved": "https://registry.npmjs.org/@firebase/database-types/-/database-types-0.7.2.tgz",
      "integrity": "sha512-cdAd/dgwvC0r3oLEDUR+ULs1vBsEvy0b27nlzKhU6LQgm9fCDzgaH9nFGv8x+S9dly4B0egAXkONkVoWcOAisg==",
      "requires": {
        "@firebase/app-types": "0.6.2"
      }
    },
    "@firebase/firestore": {
      "version": "2.3.1",
      "resolved": "https://registry.npmjs.org/@firebase/firestore/-/firestore-2.3.1.tgz",
      "integrity": "sha512-8xQB8o8OmmecXLWwGUbH2V2GifsR3hh/HBgcS0i6OyMYcXb3guZiX6dSbBlSDkak13NNxlSo7R6168aKB/8x7g==",
      "requires": {
        "@firebase/component": "0.5.0",
        "@firebase/firestore-types": "2.3.0",
        "@firebase/logger": "0.2.6",
        "@firebase/util": "1.1.0",
        "@firebase/webchannel-wrapper": "0.4.1",
        "@grpc/grpc-js": "^1.0.0",
        "@grpc/proto-loader": "^0.5.0",
        "node-fetch": "2.6.1",
        "tslib": "^2.1.0"
      }
    },
    "@firebase/firestore-types": {
      "version": "2.3.0",
      "resolved": "https://registry.npmjs.org/@firebase/firestore-types/-/firestore-types-2.3.0.tgz",
      "integrity": "sha512-QTW7NP7nDL0pgT/X53lyj+mIMh4nRQBBTBlRNQBt7eSyeqBf3ag3bxdQhCg358+5KbjYTC2/O6QtX9DlJZmh1A=="
    },
    "@firebase/functions": {
      "version": "0.6.9",
      "resolved": "https://registry.npmjs.org/@firebase/functions/-/functions-0.6.9.tgz",
      "integrity": "sha512-WgrT3EG+O70pYpX2KQM2S2Is2WJbKE6XImoloMglIqiaquOCXNR9LUVbGPWQr7qEqY+QojfTgF/bGH0awqm2KA==",
      "requires": {
        "@firebase/component": "0.5.0",
        "@firebase/functions-types": "0.4.0",
        "@firebase/messaging-types": "0.5.0",
        "node-fetch": "2.6.1",
        "tslib": "^2.1.0"
      }
    },
    "@firebase/functions-types": {
      "version": "0.4.0",
      "resolved": "https://registry.npmjs.org/@firebase/functions-types/-/functions-types-0.4.0.tgz",
      "integrity": "sha512-3KElyO3887HNxtxNF1ytGFrNmqD+hheqjwmT3sI09FaDCuaxGbOnsXAXH2eQ049XRXw9YQpHMgYws/aUNgXVyQ=="
    },
    "@firebase/installations": {
      "version": "0.4.26",
      "resolved": "https://registry.npmjs.org/@firebase/installations/-/installations-0.4.26.tgz",
      "integrity": "sha512-bHc6jlV8p1cX+GK38key4BooeZZ42//nKPmf3POWren0bACjnfHJuMnOBDuyw22ss3z6wUdiFNQjeUxvD4btGg==",
      "requires": {
        "@firebase/component": "0.5.0",
        "@firebase/installations-types": "0.3.4",
        "@firebase/util": "1.1.0",
        "idb": "3.0.2",
        "tslib": "^2.1.0"
      }
    },
    "@firebase/installations-types": {
      "version": "0.3.4",
      "resolved": "https://registry.npmjs.org/@firebase/installations-types/-/installations-types-0.3.4.tgz",
      "integrity": "sha512-RfePJFovmdIXb6rYwtngyxuEcWnOrzdZd9m7xAW0gRxDIjBT20n3BOhjpmgRWXo/DAxRmS7bRjWAyTHY9cqN7Q=="
    },
    "@firebase/logger": {
      "version": "0.2.6",
      "resolved": "https://registry.npmjs.org/@firebase/logger/-/logger-0.2.6.tgz",
      "integrity": "sha512-KIxcUvW/cRGWlzK9Vd2KB864HlUnCfdTH0taHE0sXW5Xl7+W68suaeau1oKNEqmc3l45azkd4NzXTCWZRZdXrw=="
    },
    "@firebase/messaging": {
      "version": "0.7.10",
      "resolved": "https://registry.npmjs.org/@firebase/messaging/-/messaging-0.7.10.tgz",
      "integrity": "sha512-Z5ui3kc1GbPf2+kwNvr0HjguBbi0xTkR7/BHodHHGpz0ycuY/J2/Cl9SgwhEuB52kme4ca9sKwV1g0Ln2/iARw==",
      "requires": {
        "@firebase/component": "0.5.0",
        "@firebase/installations": "0.4.26",
        "@firebase/messaging-types": "0.5.0",
        "@firebase/util": "1.1.0",
        "idb": "3.0.2",
        "tslib": "^2.1.0"
      }
    },
    "@firebase/messaging-types": {
      "version": "0.5.0",
      "resolved": "https://registry.npmjs.org/@firebase/messaging-types/-/messaging-types-0.5.0.tgz",
      "integrity": "sha512-QaaBswrU6umJYb/ZYvjR5JDSslCGOH6D9P136PhabFAHLTR4TWjsaACvbBXuvwrfCXu10DtcjMxqfhdNIB1Xfg=="
    },
    "@firebase/performance": {
      "version": "0.4.12",
      "resolved": "https://registry.npmjs.org/@firebase/performance/-/performance-0.4.12.tgz",
      "integrity": "sha512-dFV0OR5IpHZwfOLFkEZuUVFmaJQresmS5G4UNFGk1E0VwU4feZ3roq75dJVYehclJxmbzgMM9M/U1bZ1/9wt3g==",
      "requires": {
        "@firebase/component": "0.5.0",
        "@firebase/installations": "0.4.26",
        "@firebase/logger": "0.2.6",
        "@firebase/performance-types": "0.0.13",
        "@firebase/util": "1.1.0",
        "tslib": "^2.1.0"
      }
    },
    "@firebase/performance-types": {
      "version": "0.0.13",
      "resolved": "https://registry.npmjs.org/@firebase/performance-types/-/performance-types-0.0.13.tgz",
      "integrity": "sha512-6fZfIGjQpwo9S5OzMpPyqgYAUZcFzZxHFqOyNtorDIgNXq33nlldTL/vtaUZA8iT9TT5cJlCrF/jthKU7X21EA=="
    },
    "@firebase/polyfill": {
      "version": "0.3.36",
      "resolved": "https://registry.npmjs.org/@firebase/polyfill/-/polyfill-0.3.36.tgz",
      "integrity": "sha512-zMM9oSJgY6cT2jx3Ce9LYqb0eIpDE52meIzd/oe/y70F+v9u1LDqk5kUF5mf16zovGBWMNFmgzlsh6Wj0OsFtg==",
      "requires": {
        "core-js": "3.6.5",
        "promise-polyfill": "8.1.3",
        "whatwg-fetch": "2.0.4"
      }
    },
    "@firebase/remote-config": {
      "version": "0.1.37",
      "resolved": "https://registry.npmjs.org/@firebase/remote-config/-/remote-config-0.1.37.tgz",
      "integrity": "sha512-SYjDOsEoUeqX1CYnUtXqVtM8MpVm2qx2Dp8NLRlLcPp/FieEza/mjRNVHBojMKuFjmyQp/RdPG8R0I9xDJ4PsQ==",
      "requires": {
        "@firebase/component": "0.5.0",
        "@firebase/installations": "0.4.26",
        "@firebase/logger": "0.2.6",
        "@firebase/remote-config-types": "0.1.9",
        "@firebase/util": "1.1.0",
        "tslib": "^2.1.0"
      }
    },
    "@firebase/remote-config-types": {
      "version": "0.1.9",
      "resolved": "https://registry.npmjs.org/@firebase/remote-config-types/-/remote-config-types-0.1.9.tgz",
      "integrity": "sha512-G96qnF3RYGbZsTRut7NBX0sxyczxt1uyCgXQuH/eAfUCngxjEGcZQnBdy6mvSdqdJh5mC31rWPO4v9/s7HwtzA=="
    },
    "@firebase/storage": {
      "version": "0.5.2",
      "resolved": "https://registry.npmjs.org/@firebase/storage/-/storage-0.5.2.tgz",
      "integrity": "sha512-D2lZixL6E2iXE4jObtlA3UnAbcMd3657erotiuZt5ap95m1fogiPV/gIq3KLIaT5sFdfbbDQn9mm6hVKhobYHA==",
      "requires": {
        "@firebase/component": "0.5.0",
        "@firebase/storage-types": "0.4.1",
        "@firebase/util": "1.1.0",
        "tslib": "^2.1.0"
      }
    },
    "@firebase/storage-types": {
      "version": "0.4.1",
      "resolved": "https://registry.npmjs.org/@firebase/storage-types/-/storage-types-0.4.1.tgz",
      "integrity": "sha512-IM4cRzAnQ6QZoaxVZ5MatBzqXVcp47hOlE28jd9xXw1M9V7gfjhmW0PALGFQx58tPVmuUwIKyoEbHZjV4qRJwQ=="
    },
    "@firebase/util": {
      "version": "1.1.0",
      "resolved": "https://registry.npmjs.org/@firebase/util/-/util-1.1.0.tgz",
      "integrity": "sha512-lfuSASuPKNdfebuFR8rjFamMQUPH9iiZHcKS755Rkm/5gRT0qC7BMhCh3ZkHf7NVbplzIc/GhmX2jM+igDRCag==",
      "requires": {
        "tslib": "^2.1.0"
      }
    },
    "@firebase/webchannel-wrapper": {
      "version": "0.4.1",
      "resolved": "https://registry.npmjs.org/@firebase/webchannel-wrapper/-/webchannel-wrapper-0.4.1.tgz",
      "integrity": "sha512-0yPjzuzGMkW1GkrC8yWsiN7vt1OzkMIi9HgxRmKREZl2wnNPOKo/yScTjXf/O57HM8dltqxPF6jlNLFVtc2qdw=="
    },
    "@grpc/grpc-js": {
      "version": "1.3.2",
      "resolved": "https://registry.npmjs.org/@grpc/grpc-js/-/grpc-js-1.3.2.tgz",
      "integrity": "sha512-UXepkOKCATJrhHGsxt+CGfpZy9zUn1q9mop5kfcXq1fBkTePxVNPOdnISlCbJFlCtld+pSLGyZCzr9/zVprFKA==",
      "requires": {
        "@types/node": ">=12.12.47"
      }
    },
    "@grpc/proto-loader": {
      "version": "0.5.6",
      "resolved": "https://registry.npmjs.org/@grpc/proto-loader/-/proto-loader-0.5.6.tgz",
      "integrity": "sha512-DT14xgw3PSzPxwS13auTEwxhMMOoz33DPUKNtmYK/QYbBSpLXJy78FGGs5yVoxVobEqPm4iW9MOIoz0A3bLTRQ==",
      "requires": {
        "lodash.camelcase": "^4.3.0",
        "protobufjs": "^6.8.6"
      }
    },
    "@protobufjs/aspromise": {
      "version": "1.1.2",
      "resolved": "https://registry.npmjs.org/@protobufjs/aspromise/-/aspromise-1.1.2.tgz",
      "integrity": "sha1-m4sMxmPWaafY9vXQiToU00jzD78="
    },
    "@protobufjs/base64": {
      "version": "1.1.2",
      "resolved": "https://registry.npmjs.org/@protobufjs/base64/-/base64-1.1.2.tgz",
      "integrity": "sha512-AZkcAA5vnN/v4PDqKyMR5lx7hZttPDgClv83E//FMNhR2TMcLUhfRUBHCmSl0oi9zMgDDqRUJkSxO3wm85+XLg=="
    },
    "@protobufjs/codegen": {
      "version": "2.0.4",
      "resolved": "https://registry.npmjs.org/@protobufjs/codegen/-/codegen-2.0.4.tgz",
      "integrity": "sha512-YyFaikqM5sH0ziFZCN3xDC7zeGaB/d0IUb9CATugHWbd1FRFwWwt4ld4OYMPWu5a3Xe01mGAULCdqhMlPl29Jg=="
    },
    "@protobufjs/eventemitter": {
      "version": "1.1.0",
      "resolved": "https://registry.npmjs.org/@protobufjs/eventemitter/-/eventemitter-1.1.0.tgz",
      "integrity": "sha1-NVy8mLr61ZePntCV85diHx0Ga3A="
    },
    "@protobufjs/fetch": {
      "version": "1.1.0",
      "resolved": "https://registry.npmjs.org/@protobufjs/fetch/-/fetch-1.1.0.tgz",
      "integrity": "sha1-upn7WYYUr2VwDBYZ/wbUVLDYTEU=",
      "requires": {
        "@protobufjs/aspromise": "^1.1.1",
        "@protobufjs/inquire": "^1.1.0"
      }
    },
    "@protobufjs/float": {
      "version": "1.0.2",
      "resolved": "https://registry.npmjs.org/@protobufjs/float/-/float-1.0.2.tgz",
      "integrity": "sha1-Xp4avctz/Ap8uLKR33jIy9l7h9E="
    },
    "@protobufjs/inquire": {
      "version": "1.1.0",
      "resolved": "https://registry.npmjs.org/@protobufjs/inquire/-/inquire-1.1.0.tgz",
      "integrity": "sha1-/yAOPnzyQp4tyvwRQIKOjMY48Ik="
    },
    "@protobufjs/path": {
      "version": "1.1.2",
      "resolved": "https://registry.npmjs.org/@protobufjs/path/-/path-1.1.2.tgz",
      "integrity": "sha1-bMKyDFya1q0NzP0hynZz2Nf79o0="
    },
    "@protobufjs/pool": {
      "version": "1.1.0",
      "resolved": "https://registry.npmjs.org/@protobufjs/pool/-/pool-1.1.0.tgz",
      "integrity": "sha1-Cf0V8tbTq/qbZbw2ZQbWrXhG/1Q="
    },
    "@protobufjs/utf8": {
      "version": "1.1.0",
      "resolved": "https://registry.npmjs.org/@protobufjs/utf8/-/utf8-1.1.0.tgz",
      "integrity": "sha1-p3c2C1s5oaLlEG+OhY8v0tBgxXA="
    },
    "@react-native-picker/picker": {
      "version": "1.16.1",
      "resolved": "https://registry.npmjs.org/@react-native-picker/picker/-/picker-1.16.1.tgz",
      "integrity": "sha512-sk07ARwL0cMXwkXsqcxyprL/KiEVD0xRFXFqznTnZs1YXqwxEqz6GiGtq2vQlK64CzXDpHX8gw1QQz47abBY1Q=="
    },
    "@react-navigation/bottom-tabs": {
      "version": "5.11.11",
      "resolved": "https://registry.npmjs.org/@react-navigation/bottom-tabs/-/bottom-tabs-5.11.11.tgz",
      "integrity": "sha512-hThj6Vfw+ITzAVj5TgLEoxkVEcBD+gYeieWOe6FryBRgokgKNCzFQzqArJ5UCmNMxklNH0rstJfcdyHflLuPtw==",
      "requires": {
        "color": "^3.1.3",
        "react-native-iphone-x-helper": "^1.3.0"
      }
    },
    "@react-navigation/core": {
      "version": "3.7.9",
      "resolved": "https://registry.npmjs.org/@react-navigation/core/-/core-3.7.9.tgz",
      "integrity": "sha512-EknbzM8OI9A5alRxXtQRV5Awle68B+z1QAxNty5DxmlS3BNfmduWNGnim159ROyqxkuDffK9L/U/Tbd45mx+Jg==",
      "requires": {
        "hoist-non-react-statics": "^3.3.2",
        "path-to-regexp": "^1.8.0",
        "query-string": "^6.13.6",
        "react-is": "^16.13.0"
      }
    },
    "@react-navigation/native": {
      "version": "3.8.4",
      "resolved": "https://registry.npmjs.org/@react-navigation/native/-/native-3.8.4.tgz",
      "integrity": "sha512-gXSVcL7bfFDyVkvyg1FiAqTCIgZub5K1X/TZqURBs2CPqDpfX1OsCtB9D33eTF14SpbfgHW866btqrrxoCACfg==",
      "requires": {
        "hoist-non-react-statics": "^3.3.2",
        "react-native-safe-area-view": "^0.14.9"
      }
    },
    "@react-navigation/stack": {
      "version": "5.14.5",
      "resolved": "https://registry.npmjs.org/@react-navigation/stack/-/stack-5.14.5.tgz",
      "integrity": "sha512-hpdn1SS0tc3/3atkV2Q2y++n5B4e0rUcCj4W43PODMu72yX2m0LkKAAcpkPDCWAvwnLLIoLAEl5BEifZigl/6A==",
      "requires": {
        "color": "^3.1.3",
        "react-native-iphone-x-helper": "^1.3.0"
      }
    },
    "@types/hammerjs": {
      "version": "2.0.39",
      "resolved": "https://registry.npmjs.org/@types/hammerjs/-/hammerjs-2.0.39.tgz",
      "integrity": "sha512-lYR2Y/tV2ujpk/WyUc7S0VLI0a9hrtVIN9EwnrNo5oSEJI2cK2/XrgwOQmXLL3eTulOESvh9qP6si9+DWM9cOA=="
    },
    "@types/hoist-non-react-statics": {
      "version": "3.3.1",
      "resolved": "https://registry.npmjs.org/@types/hoist-non-react-statics/-/hoist-non-react-statics-3.3.1.tgz",
      "integrity": "sha512-iMIqiko6ooLrTh1joXodJK5X9xeEALT1kM5G3ZLhD3hszxBdIEd5C75U834D9mLcINgD4OyZf5uQXjkuYydWvA==",
      "requires": {
        "@types/react": "*",
        "hoist-non-react-statics": "^3.3.0"
      }
    },
    "@types/long": {
      "version": "4.0.1",
      "resolved": "https://registry.npmjs.org/@types/long/-/long-4.0.1.tgz",
      "integrity": "sha512-5tXH6Bx/kNGd3MgffdmP4dy2Z+G4eaXw0SE81Tq3BNadtnMR5/ySMzX4SLEzHJzSmPNn4HIdpQsBvXMUykr58w=="
    },
    "@types/node": {
      "version": "15.3.1",
      "resolved": "https://registry.npmjs.org/@types/node/-/node-15.3.1.tgz",
      "integrity": "sha512-weaeiP4UF4XgF++3rpQhpIJWsCTS4QJw5gvBhQu6cFIxTwyxWIe3xbnrY/o2lTCQ0lsdb8YIUDUvLR4Vuz5rbw=="
    },
    "@types/prop-types": {
      "version": "15.7.3",
      "resolved": "https://registry.npmjs.org/@types/prop-types/-/prop-types-15.7.3.tgz",
      "integrity": "sha512-KfRL3PuHmqQLOG+2tGpRO26Ctg+Cq1E01D2DMriKEATHgWLfeNDmq9e29Q9WIky0dQ3NPkd1mzYH8Lm936Z9qw=="
    },
    "@types/react": {
      "version": "17.0.5",
      "resolved": "https://registry.npmjs.org/@types/react/-/react-17.0.5.tgz",
      "integrity": "sha512-bj4biDB9ZJmGAYTWSKJly6bMr4BLUiBrx9ujiJEoP9XIDY9CTaPGxE5QWN/1WjpPLzYF7/jRNnV2nNxNe970sw==",
      "requires": {
        "@types/prop-types": "*",
        "@types/scheduler": "*",
        "csstype": "^3.0.2"
      }
    },
    "@types/react-native": {
      "version": "0.64.5",
      "resolved": "https://registry.npmjs.org/@types/react-native/-/react-native-0.64.5.tgz",
      "integrity": "sha512-k0r8MnQX7UFboZDvMKLov26gFLXKrNgLhCfSVhjaZ6wMUofKijxvee7/wgfAqtT2zS5FR4an4+qn0r72SCbw3g==",
      "requires": {
        "@types/react": "*"
      }
    },
    "@types/react-native-vector-icons": {
      "version": "6.4.6",
      "resolved": "https://registry.npmjs.org/@types/react-native-vector-icons/-/react-native-vector-icons-6.4.6.tgz",
      "integrity": "sha512-lAyxNfMd5L1xZvXWsGcJmNegDf61TAp40uL6ashNNWj9W3IrDJO59L9+9inh0Y2MsEZpLTdxzVU8Unb4/0FQng==",
      "requires": {
        "@types/react": "*",
        "@types/react-native": "*"
      }
    },
    "@types/react-redux": {
      "version": "7.1.16",
      "resolved": "https://registry.npmjs.org/@types/react-redux/-/react-redux-7.1.16.tgz",
      "integrity": "sha512-f/FKzIrZwZk7YEO9E1yoxIuDNRiDducxkFlkw/GNMGEnK9n4K8wJzlJBghpSuOVDgEUHoDkDF7Gi9lHNQR4siw==",
      "requires": {
        "@types/hoist-non-react-statics": "^3.3.0",
        "@types/react": "*",
        "hoist-non-react-statics": "^3.3.0",
        "redux": "^4.0.0"
      }
    },
    "@types/scheduler": {
      "version": "0.16.1",
      "resolved": "https://registry.npmjs.org/@types/scheduler/-/scheduler-0.16.1.tgz",
      "integrity": "sha512-EaCxbanVeyxDRTQBkdLb3Bvl/HK7PBK6UJjsSixB0iHKoWxE5uu2Q/DgtpOhPIojN0Zl1whvOd7PoHs2P0s5eA=="
    },
    "asap": {
      "version": "2.0.6",
      "resolved": "https://registry.npmjs.org/asap/-/asap-2.0.6.tgz",
      "integrity": "sha1-5QNHYR1+aQlDIIu9r+vLwvuGbUY="
    },
    "color": {
      "version": "3.1.3",
      "resolved": "https://registry.npmjs.org/color/-/color-3.1.3.tgz",
      "integrity": "sha512-xgXAcTHa2HeFCGLE9Xs/R82hujGtu9Jd9x4NW3T34+OMs7VoPsjwzRczKHvTAHeJwWFwX5j15+MgAppE8ztObQ==",
      "requires": {
        "color-convert": "^1.9.1",
        "color-string": "^1.5.4"
      }
    },
    "color-convert": {
      "version": "1.9.3",
      "resolved": "https://registry.npmjs.org/color-convert/-/color-convert-1.9.3.tgz",
      "integrity": "sha512-QfAUtd+vFdAtFQcC8CCyYt1fYWxSqAiK2cSD6zDB8N3cpsEBAvRxp9zOGg6G/SHHJYAT88/az/IuDGALsNVbGg==",
      "requires": {
        "color-name": "1.1.3"
      }
    },
    "color-name": {
      "version": "1.1.3",
      "resolved": "https://registry.npmjs.org/color-name/-/color-name-1.1.3.tgz",
      "integrity": "sha1-p9BVi9icQveV3UIyj3QIMcpTvCU="
    },
    "color-string": {
      "version": "1.5.5",
      "resolved": "https://registry.npmjs.org/color-string/-/color-string-1.5.5.tgz",
      "integrity": "sha512-jgIoum0OfQfq9Whcfc2z/VhCNcmQjWbey6qBX0vqt7YICflUmBCh9E9CiQD5GSJ+Uehixm3NUwHVhqUAWRivZg==",
      "requires": {
        "color-name": "^1.0.0",
        "simple-swizzle": "^0.2.2"
      }
    },
    "core-js": {
      "version": "3.6.5",
      "resolved": "https://registry.npmjs.org/core-js/-/core-js-3.6.5.tgz",
      "integrity": "sha512-vZVEEwZoIsI+vPEuoF9Iqf5H7/M3eeQqWlQnYa8FSKKePuYTf5MWnxb5SDAzCa60b3JBRS5g9b+Dq7b1y/RCrA=="
    },
    "cross-fetch": {
      "version": "3.1.4",
      "resolved": "https://registry.npmjs.org/cross-fetch/-/cross-fetch-3.1.4.tgz",
      "integrity": "sha512-1eAtFWdIubi6T4XPy6ei9iUFoKpUkIF971QLN8lIvvvwueI65+Nw5haMNKUwfJxabqlIIDODJKGrQ66gxC0PbQ==",
      "requires": {
        "node-fetch": "2.6.1"
      }
    },
    "csstype": {
      "version": "3.0.8",
      "resolved": "https://registry.npmjs.org/csstype/-/csstype-3.0.8.tgz",
      "integrity": "sha512-jXKhWqXPmlUeoQnF/EhTtTl4C9SnrxSH/jZUih3jmO6lBKr99rP3/+FmrMj4EFpOXzMtXHAZkd3x0E6h6Fgflw=="
    },
    "decode-uri-component": {
      "version": "0.2.0",
      "resolved": "https://registry.npmjs.org/decode-uri-component/-/decode-uri-component-0.2.0.tgz",
      "integrity": "sha1-6zkTMzRYd1y4TNGh+uBiEGu4dUU="
    },
    "deepmerge": {
      "version": "4.2.2",
      "resolved": "https://registry.npmjs.org/deepmerge/-/deepmerge-4.2.2.tgz",
      "integrity": "sha512-FJ3UgI4gIl+PHZm53knsuSFpE+nESMr7M4v9QcgB7S63Kj/6WqMiFQJpBBYz1Pt+66bZpP3Q7Lye0Oo9MPKEdg=="
    },
    "dom-storage": {
      "version": "2.1.0",
      "resolved": "https://registry.npmjs.org/dom-storage/-/dom-storage-2.1.0.tgz",
      "integrity": "sha512-g6RpyWXzl0RR6OTElHKBl7nwnK87GUyZMYC7JWsB/IA73vpqK2K6LT39x4VepLxlSsWBFrPVLnsSR5Jyty0+2Q=="
    },
    "faye-websocket": {
      "version": "0.11.3",
      "resolved": "https://registry.npmjs.org/faye-websocket/-/faye-websocket-0.11.3.tgz",
      "integrity": "sha512-D2y4bovYpzziGgbHYtGCMjlJM36vAl/y+xUyn1C+FVx8szd1E+86KwVw6XvYSzOP8iMpm1X0I4xJD+QtUb36OA==",
      "requires": {
        "websocket-driver": ">=0.5.1"
      }
    },
    "fbjs": {
      "version": "3.0.0",
      "resolved": "https://registry.npmjs.org/fbjs/-/fbjs-3.0.0.tgz",
      "integrity": "sha512-dJd4PiDOFuhe7vk4F80Mba83Vr2QuK86FoxtgPmzBqEJahncp+13YCmfoa53KHCo6OnlXLG7eeMWPfB5CrpVKg==",
      "requires": {
        "cross-fetch": "^3.0.4",
        "fbjs-css-vars": "^1.0.0",
        "loose-envify": "^1.0.0",
        "object-assign": "^4.1.0",
        "promise": "^7.1.1",
        "setimmediate": "^1.0.5",
        "ua-parser-js": "^0.7.18"
      }
    },
    "fbjs-css-vars": {
      "version": "1.0.2",
      "resolved": "https://registry.npmjs.org/fbjs-css-vars/-/fbjs-css-vars-1.0.2.tgz",
      "integrity": "sha512-b2XGFAFdWZWg0phtAWLHCk836A1Xann+I+Dgd3Gk64MHKZO44FfoD1KxyvbSh0qZsIoXQGGlVztIY+oitJPpRQ=="
    },
    "filter-obj": {
      "version": "1.1.0",
      "resolved": "https://registry.npmjs.org/filter-obj/-/filter-obj-1.1.0.tgz",
      "integrity": "sha1-mzERErxsYSehbgFsbF1/GeCAXFs="
    },
    "firebase": {
      "version": "8.6.2",
      "resolved": "https://registry.npmjs.org/firebase/-/firebase-8.6.2.tgz",
      "integrity": "sha512-U2FCBZ1D8qYfuSQ0SN0dGw59x08v5mHnYtDJiUMCoulbA2psk8AqmCT/aqJz8FDTQB87iPbAxGRXVnAozagM1Q==",
      "requires": {
        "@firebase/analytics": "0.6.10",
        "@firebase/app": "0.6.22",
        "@firebase/app-check": "0.1.1",
        "@firebase/app-types": "0.6.2",
        "@firebase/auth": "0.16.6",
        "@firebase/database": "0.10.1",
        "@firebase/firestore": "2.3.1",
        "@firebase/functions": "0.6.9",
        "@firebase/installations": "0.4.26",
        "@firebase/messaging": "0.7.10",
        "@firebase/performance": "0.4.12",
        "@firebase/polyfill": "0.3.36",
        "@firebase/remote-config": "0.1.37",
        "@firebase/storage": "0.5.2",
        "@firebase/util": "1.1.0"
      }
    },
    "hoist-non-react-statics": {
      "version": "3.3.2",
      "resolved": "https://registry.npmjs.org/hoist-non-react-statics/-/hoist-non-react-statics-3.3.2.tgz",
      "integrity": "sha512-/gGivxi8JPKWNm/W0jSmzcMPpfpPLc3dY/6GxhX2hQ9iGj3aDfklV4ET7NjKpSinLpJ5vafa9iiGIEZg10SfBw==",
      "requires": {
        "react-is": "^16.7.0"
      }
    },
    "http-parser-js": {
      "version": "0.5.3",
      "resolved": "https://registry.npmjs.org/http-parser-js/-/http-parser-js-0.5.3.tgz",
      "integrity": "sha512-t7hjvef/5HEK7RWTdUzVUhl8zkEu+LlaE0IYzdMuvbSDipxBRpOn4Uhw8ZyECEa808iVT8XCjzo6xmYt4CiLZg=="
    },
    "idb": {
      "version": "3.0.2",
      "resolved": "https://registry.npmjs.org/idb/-/idb-3.0.2.tgz",
      "integrity": "sha512-+FLa/0sTXqyux0o6C+i2lOR0VoS60LU/jzUo5xjfY6+7sEEgy4Gz1O7yFBXvjd7N0NyIGWIRg8DcQSLEG+VSPw=="
    },
    "invariant": {
      "version": "2.2.4",
      "resolved": "https://registry.npmjs.org/invariant/-/invariant-2.2.4.tgz",
      "integrity": "sha512-phJfQVBuaJM5raOpJjSfkiD6BpbCE4Ns//LaXl6wGYtUBY83nWS6Rf9tXm2e8VaK60JEjYldbPif/A2B1C2gNA==",
      "requires": {
        "loose-envify": "^1.0.0"
      }
    },
    "isarray": {
      "version": "0.0.1",
      "resolved": "https://registry.npmjs.org/isarray/-/isarray-0.0.1.tgz",
      "integrity": "sha1-ihis/Kmo9Bd+Cav8YDiTmwXR7t8="
    },
    "js-tokens": {
      "version": "4.0.0",
      "resolved": "https://registry.npmjs.org/js-tokens/-/js-tokens-4.0.0.tgz",
      "integrity": "sha512-RdJUflcE3cUzKiMqQgsCu06FPu9UdIJO0beYbPhHN4k6apgJtifcoCtT9bcxOpYBtpD2kCM6Sbzg4CausW/PKQ=="
    },
    "lodash": {
      "version": "4.17.21",
      "resolved": "https://registry.npmjs.org/lodash/-/lodash-4.17.21.tgz",
      "integrity": "sha512-v2kDEe57lecTulaDIuNTPy3Ry4gLGJ6Z1O3vE1krgXZNrsQ+LFTGHVxVjcXPs17LhbZVGedAJv8XZ1tvj5FvSg=="
    },
    "lodash.camelcase": {
      "version": "4.3.0",
      "resolved": "https://registry.npmjs.org/lodash.camelcase/-/lodash.camelcase-4.3.0.tgz",
      "integrity": "sha1-soqmKIorn8ZRA1x3EfZathkDMaY="
    },
    "lodash.isequal": {
      "version": "4.5.0",
      "resolved": "https://registry.npmjs.org/lodash.isequal/-/lodash.isequal-4.5.0.tgz",
      "integrity": "sha1-QVxEePK8wwEgwizhDtMib30+GOA="
    },
    "long": {
      "version": "4.0.0",
      "resolved": "https://registry.npmjs.org/long/-/long-4.0.0.tgz",
      "integrity": "sha512-XsP+KhQif4bjX1kbuSiySJFNAehNxgLb6hPRGJ9QsUr8ajHkuXGdrHmFUTUUXhDwVX2R5bY4JNZEwbUiMhV+MA=="
    },
    "loose-envify": {
      "version": "1.4.0",
      "resolved": "https://registry.npmjs.org/loose-envify/-/loose-envify-1.4.0.tgz",
      "integrity": "sha512-lyuxPGr/Wfhrlem2CL/UcnUc1zcqKAImBDzukY7Y5F/yQiNdko6+fRLevlw1HgMySw7f611UIY408EtxRSoK3Q==",
      "requires": {
        "js-tokens": "^3.0.0 || ^4.0.0"
      }
    },
    "mockdate": {
      "version": "3.0.5",
      "resolved": "https://registry.npmjs.org/mockdate/-/mockdate-3.0.5.tgz",
      "integrity": "sha512-iniQP4rj1FhBdBYS/+eQv7j1tadJ9lJtdzgOpvsOHng/GbcDh2Fhdeq+ZRldrPYdXvCyfFUmFeEwEGXZB5I/AQ=="
    },
    "node-fetch": {
      "version": "2.6.1",
      "resolved": "https://registry.npmjs.org/node-fetch/-/node-fetch-2.6.1.tgz",
      "integrity": "sha512-V4aYg89jEoVRxRb2fJdAg8FHvI7cEyYdVAh94HH0UIK8oJxUfkjlDQN9RbMx+bEjP7+ggMiFRprSti032Oipxw=="
    },
    "object-assign": {
      "version": "4.1.1",
      "resolved": "https://registry.npmjs.org/object-assign/-/object-assign-4.1.1.tgz",
      "integrity": "sha1-IQmtx5ZYh8/AXLvUQsrIv7s2CGM="
    },
    "opencollective-postinstall": {
      "version": "2.0.3",
      "resolved": "https://registry.npmjs.org/opencollective-postinstall/-/opencollective-postinstall-2.0.3.tgz",
      "integrity": "sha512-8AV/sCtuzUeTo8gQK5qDZzARrulB3egtLzFgteqB2tcT4Mw7B8Kt7JcDHmltjz6FOAHsvTevk70gZEbhM4ZS9Q=="
    },
    "path-to-regexp": {
      "version": "1.8.0",
      "resolved": "https://registry.npmjs.org/path-to-regexp/-/path-to-regexp-1.8.0.tgz",
      "integrity": "sha512-n43JRhlUKUAlibEJhPeir1ncUID16QnEjNpwzNdO3Lm4ywrBpBZ5oLD0I6br9evr1Y9JTqwRtAh7JLoOzAQdVA==",
      "requires": {
        "isarray": "0.0.1"
      }
    },
    "promise": {
      "version": "7.3.1",
      "resolved": "https://registry.npmjs.org/promise/-/promise-7.3.1.tgz",
      "integrity": "sha512-nolQXZ/4L+bP/UGlkfaIujX9BKxGwmQ9OT4mOt5yvy8iK1h3wqTEJCijzGANTCCl9nWjY41juyAn2K3Q1hLLTg==",
      "requires": {
        "asap": "~2.0.3"
      }
    },
    "promise-polyfill": {
      "version": "8.1.3",
      "resolved": "https://registry.npmjs.org/promise-polyfill/-/promise-polyfill-8.1.3.tgz",
      "integrity": "sha512-MG5r82wBzh7pSKDRa9y+vllNHz3e3d4CNj1PQE4BQYxLme0gKYYBm9YENq+UkEikyZ0XbiGWxYlVw3Rl9O/U8g=="
    },
    "prop-types": {
      "version": "15.7.2",
      "resolved": "https://registry.npmjs.org/prop-types/-/prop-types-15.7.2.tgz",
      "integrity": "sha512-8QQikdH7//R2vurIJSutZ1smHYTcLpRWEOlHnzcWHmBYrOGUysKwSsrC89BCiFj3CbrfJ/nXFdJepOVrY1GCHQ==",
      "requires": {
        "loose-envify": "^1.4.0",
        "object-assign": "^4.1.1",
        "react-is": "^16.8.1"
      }
    },
    "protobufjs": {
      "version": "6.11.2",
      "resolved": "https://registry.npmjs.org/protobufjs/-/protobufjs-6.11.2.tgz",
      "integrity": "sha512-4BQJoPooKJl2G9j3XftkIXjoC9C0Av2NOrWmbLWT1vH32GcSUHjM0Arra6UfTsVyfMAuFzaLucXn1sadxJydAw==",
      "requires": {
        "@protobufjs/aspromise": "^1.1.2",
        "@protobufjs/base64": "^1.1.2",
        "@protobufjs/codegen": "^2.0.4",
        "@protobufjs/eventemitter": "^1.1.0",
        "@protobufjs/fetch": "^1.1.0",
        "@protobufjs/float": "^1.0.2",
        "@protobufjs/inquire": "^1.1.0",
        "@protobufjs/path": "^1.1.2",
        "@protobufjs/pool": "^1.1.0",
        "@protobufjs/utf8": "^1.1.0",
        "@types/long": "^4.0.1",
        "@types/node": ">=13.7.0",
        "long": "^4.0.0"
      }
    },
    "query-string": {
      "version": "6.14.1",
      "resolved": "https://registry.npmjs.org/query-string/-/query-string-6.14.1.tgz",
      "integrity": "sha512-XDxAeVmpfu1/6IjyT/gXHOl+S0vQ9owggJ30hhWKdHAsNPOcasn5o9BW0eejZqL2e4vMjhAxoW3jVHcD6mbcYw==",
      "requires": {
        "decode-uri-component": "^0.2.0",
        "filter-obj": "^1.1.0",
        "split-on-first": "^1.0.0",
        "strict-uri-encode": "^2.0.0"
      }
    },
    "react-is": {
      "version": "16.13.1",
      "resolved": "https://registry.npmjs.org/react-is/-/react-is-16.13.1.tgz",
      "integrity": "sha512-24e6ynE2H+OKt4kqsOvNd8kBpV65zoxbA4BVsEOB3ARVWQki/DHzaUoC5KuON/BiccDaCCTZBuOcfZs70kR8bQ=="
    },
    "react-native-elements": {
      "version": "3.4.1",
      "resolved": "https://registry.npmjs.org/react-native-elements/-/react-native-elements-3.4.1.tgz",
      "integrity": "sha512-SPotW75psW1qyZgtiWuiKSTASdd4yNYvf6/vgO6nyl2kEgZG5nP5wtFxL/GsUVxwHh7yc8xnJ3J9pkApa7p9lQ==",
      "requires": {
        "@types/react-native-vector-icons": "^6.4.6",
        "color": "^3.1.2",
        "deepmerge": "^4.2.2",
        "hoist-non-react-statics": "^3.3.2",
        "lodash.isequal": "^4.5.0",
        "opencollective-postinstall": "^2.0.3",
        "react-native-ratings": "^7.3.0",
        "react-native-size-matters": "^0.3.1"
      }
    },
    "react-native-gesture-handler": {
      "version": "1.10.3",
      "resolved": "https://registry.npmjs.org/react-native-gesture-handler/-/react-native-gesture-handler-1.10.3.tgz",
      "integrity": "sha512-cBGMi1IEsIVMgoox4RvMx7V2r6bNKw0uR1Mu1o7NbuHS6BRSVLq0dP34l2ecnPlC+jpWd3le6Yg1nrdCjby2Mw==",
      "requires": {
        "@egjs/hammerjs": "^2.0.17",
        "fbjs": "^3.0.0",
        "hoist-non-react-statics": "^3.3.0",
        "invariant": "^2.2.4",
        "prop-types": "^15.7.2"
      }
    },
    "react-native-head-tab-view": {
      "version": "4.0.0-rc.9",
      "resolved": "https://registry.npmjs.org/react-native-head-tab-view/-/react-native-head-tab-view-4.0.0-rc.9.tgz",
      "integrity": "sha512-5v3p1falA3d22dJCQeeEVMpRQE8bYwkMXzllvnDibLj4ZXXrAOxY9b0hdmzDrEBf1yesISSaPJHTp7xgMFK14g=="
    },
    "react-native-iphone-x-helper": {
      "version": "1.3.1",
      "resolved": "https://registry.npmjs.org/react-native-iphone-x-helper/-/react-native-iphone-x-helper-1.3.1.tgz",
      "integrity": "sha512-HOf0jzRnq2/aFUcdCJ9w9JGzN3gdEg0zFE4FyYlp4jtidqU03D5X7ZegGKfT1EWteR0gPBGp9ye5T5FvSWi9Yg=="
    },
    "react-native-linear-gradient": {
      "version": "2.5.6",
      "resolved": "https://registry.npmjs.org/react-native-linear-gradient/-/react-native-linear-gradient-2.5.6.tgz",
      "integrity": "sha512-HDwEaXcQIuXXCV70O+bK1rizFong3wj+5Q/jSyifKFLg0VWF95xh8XQgfzXwtq0NggL9vNjPKXa016KuFu+VFg=="
    },
    "react-native-ratings": {
      "version": "7.6.1",
      "resolved": "https://registry.npmjs.org/react-native-ratings/-/react-native-ratings-7.6.1.tgz",
      "integrity": "sha512-V3y19iIifwemMr87KfovFIIzy/Rotqcds9k+ECaayQvrlucm/mXFC69R8xl/NivEdnxX7K87iurigByhpE37EQ==",
      "requires": {
        "lodash": "^4.17.15",
        "prop-types": "^15.7.2"
      }
    },
    "react-native-reanimated": {
      "version": "2.1.0",
      "resolved": "https://registry.npmjs.org/react-native-reanimated/-/react-native-reanimated-2.1.0.tgz",
      "integrity": "sha512-tlPvvcdf+X7HGQ7g/7npBFhwMznfdk7MHUc9gUB/kp2abSscXNe/kOVKlrNEOO4DS11rNOXc+llFxVFMuNk0zA==",
      "requires": {
        "@babel/plugin-transform-object-assign": "^7.10.4",
        "fbjs": "^3.0.0",
        "mockdate": "^3.0.2",
        "string-hash-64": "^1.0.3"
      }
    },
    "react-native-safe-area-context": {
      "version": "3.2.0",
      "resolved": "https://registry.npmjs.org/react-native-safe-area-context/-/react-native-safe-area-context-3.2.0.tgz",
      "integrity": "sha512-k2Nty4PwSnrg9HwrYeeE+EYqViYJoOFwEy9LxL5RIRfoqxAq/uQXNGwpUg2/u4gnKpBbEPa9eRh15KKMe/VHkA=="
    },
    "react-native-safe-area-view": {
      "version": "0.14.9",
      "resolved": "https://registry.npmjs.org/react-native-safe-area-view/-/react-native-safe-area-view-0.14.9.tgz",
      "integrity": "sha512-WII/ulhpVyL/qbYb7vydq7dJAfZRBcEhg4/UWt6F6nAKpLa3gAceMOxBxI914ppwSP/TdUsandFy6lkJQE0z4A==",
      "requires": {
        "hoist-non-react-statics": "^2.3.1"
      },
      "dependencies": {
        "hoist-non-react-statics": {
          "version": "2.5.5",
          "resolved": "https://registry.npmjs.org/hoist-non-react-statics/-/hoist-non-react-statics-2.5.5.tgz",
          "integrity": "sha512-rqcy4pJo55FTTLWt+bU8ukscqHeE/e9KWvsOW2b/a3afxQZhwkQdT1rPPCJ0rYXdj4vNcasY8zHTH+jF/qStxw=="
        }
      }
    },
    "react-native-size-matters": {
      "version": "0.3.1",
      "resolved": "https://registry.npmjs.org/react-native-size-matters/-/react-native-size-matters-0.3.1.tgz",
      "integrity": "sha512-mKOfBLIBFBcs9br1rlZDvxD5+mAl8Gfr5CounwJtxI6Z82rGrMO+Kgl9EIg3RMVf3G855a85YVqHJL2f5EDRlw=="
    },
    "react-native-super-grid": {
      "version": "4.1.3",
      "resolved": "https://registry.npmjs.org/react-native-super-grid/-/react-native-super-grid-4.1.3.tgz",
      "integrity": "sha512-Zgp+olHshuA/e/d+eyIP8JkdyxjC39SW6eIWHXmOATcJEQ8d0mKTOEVq+4rBvD6xMgceT45X0DF+H691LMy34g==",
      "requires": {
        "prop-types": "^15.6.0"
      }
    },
    "react-navigation": {
      "version": "4.4.4",
      "resolved": "https://registry.npmjs.org/react-navigation/-/react-navigation-4.4.4.tgz",
      "integrity": "sha512-08Nzy1aKEd73496CsuzN49vLFmxPKYF5WpKGgGvkQ10clB79IRM2BtAfVl6NgPKuUM8FXq1wCsrjo/c5ftl5og==",
      "requires": {
        "@react-navigation/core": "^3.7.9",
        "@react-navigation/native": "^3.8.4"
      }
    },
    "react-redux": {
      "version": "7.2.4",
      "resolved": "https://registry.npmjs.org/react-redux/-/react-redux-7.2.4.tgz",
      "integrity": "sha512-hOQ5eOSkEJEXdpIKbnRyl04LhaWabkDPV+Ix97wqQX3T3d2NQ8DUblNXXtNMavc7DpswyQM6xfaN4HQDKNY2JA==",
      "requires": {
        "@babel/runtime": "^7.12.1",
        "@types/react-redux": "^7.1.16",
        "hoist-non-react-statics": "^3.3.2",
        "loose-envify": "^1.4.0",
        "prop-types": "^15.7.2",
        "react-is": "^16.13.1"
      }
    },
    "redux": {
      "version": "4.1.0",
      "resolved": "https://registry.npmjs.org/redux/-/redux-4.1.0.tgz",
      "integrity": "sha512-uI2dQN43zqLWCt6B/BMGRMY6db7TTY4qeHHfGeKb3EOhmOKjU3KdWvNLJyqaHRksv/ErdNH7cFZWg9jXtewy4g==",
      "requires": {
        "@babel/runtime": "^7.9.2"
      }
    },
    "regenerator-runtime": {
      "version": "0.13.7",
      "resolved": "https://registry.npmjs.org/regenerator-runtime/-/regenerator-runtime-0.13.7.tgz",
      "integrity": "sha512-a54FxoJDIr27pgf7IgeQGxmqUNYrcV338lf/6gH456HZ/PhX+5BcwHXG9ajESmwe6WRO0tAzRUrRmNONWgkrew=="
    },
    "safe-buffer": {
      "version": "5.2.1",
      "resolved": "https://registry.npmjs.org/safe-buffer/-/safe-buffer-5.2.1.tgz",
      "integrity": "sha512-rp3So07KcdmmKbGvgaNxQSJr7bGVSVk5S9Eq1F+ppbRo70+YeaDxkw5Dd8NPN+GD6bjnYm2VuPuCXmpuYvmCXQ=="
    },
    "setimmediate": {
      "version": "1.0.5",
      "resolved": "https://registry.npmjs.org/setimmediate/-/setimmediate-1.0.5.tgz",
      "integrity": "sha1-KQy7Iy4waULX1+qbg3Mqt4VvgoU="
    },
    "simple-swizzle": {
      "version": "0.2.2",
      "resolved": "https://registry.npmjs.org/simple-swizzle/-/simple-swizzle-0.2.2.tgz",
      "integrity": "sha1-pNprY1/8zMoz9w0Xy5JZLeleVXo=",
      "requires": {
        "is-arrayish": "^0.3.1"
      },
      "dependencies": {
        "is-arrayish": {
          "version": "0.3.2",
          "resolved": "https://registry.npmjs.org/is-arrayish/-/is-arrayish-0.3.2.tgz",
          "integrity": "sha512-eVRqCvVlZbuw3GrM63ovNSNAeA1K16kaR/LRY/92w0zxQ5/1YzwblUX652i4Xs9RwAGjW9d9y6X88t8OaAJfWQ=="
        }
      }
    },
    "split-on-first": {
      "version": "1.1.0",
      "resolved": "https://registry.npmjs.org/split-on-first/-/split-on-first-1.1.0.tgz",
      "integrity": "sha512-43ZssAJaMusuKWL8sKUBQXHWOpq8d6CfN/u1p4gUzfJkM05C8rxTmYrkIPTXapZpORA6LkkzcUulJ8FqA7Uudw=="
    },
    "strict-uri-encode": {
      "version": "2.0.0",
      "resolved": "https://registry.npmjs.org/strict-uri-encode/-/strict-uri-encode-2.0.0.tgz",
      "integrity": "sha1-ucczDHBChi9rFC3CdLvMWGbONUY="
    },
    "string-hash-64": {
      "version": "1.0.3",
      "resolved": "https://registry.npmjs.org/string-hash-64/-/string-hash-64-1.0.3.tgz",
      "integrity": "sha512-D5OKWKvDhyVWWn2x5Y9b+37NUllks34q1dCDhk/vYcso9fmhs+Tl3KR/gE4v5UNj2UA35cnX4KdVVGkG1deKqw=="
    },
    "tslib": {
      "version": "2.2.0",
      "resolved": "https://registry.npmjs.org/tslib/-/tslib-2.2.0.tgz",
      "integrity": "sha512-gS9GVHRU+RGn5KQM2rllAlR3dU6m7AcpJKdtH8gFvQiC4Otgk98XnmMU+nZenHt/+VhnBPWwgrJsyrdcw6i23w=="
    },
    "ua-parser-js": {
      "version": "0.7.28",
      "resolved": "https://registry.npmjs.org/ua-parser-js/-/ua-parser-js-0.7.28.tgz",
      "integrity": "sha512-6Gurc1n//gjp9eQNXjD9O3M/sMwVtN5S8Lv9bvOYBfKfDNiIIhqiyi01vMBO45u4zkDE420w/e0se7Vs+sIg+g=="
    },
    "websocket-driver": {
      "version": "0.7.4",
      "resolved": "https://registry.npmjs.org/websocket-driver/-/websocket-driver-0.7.4.tgz",
      "integrity": "sha512-b17KeDIQVjvb0ssuSDF2cYXSg2iztliJ4B9WdsuB6J952qCPKmnVq4DyW5motImXHDC1cBT/1UezrJVsKw5zjg==",
      "requires": {
        "http-parser-js": ">=0.5.1",
        "safe-buffer": ">=5.1.0",
        "websocket-extensions": ">=0.1.1"
      }
    },
    "websocket-extensions": {
      "version": "0.1.4",
      "resolved": "https://registry.npmjs.org/websocket-extensions/-/websocket-extensions-0.1.4.tgz",
      "integrity": "sha512-OqedPIGOfsDlo31UNwYbCFMSaO9m9G/0faIHj5/dZFDMFqPTcx6UwqyOy3COEaEOg/9VsGIpdqn62W5KhoKSpg=="
    },
    "whatwg-fetch": {
      "version": "2.0.4",
      "resolved": "https://registry.npmjs.org/whatwg-fetch/-/whatwg-fetch-2.0.4.tgz",
      "integrity": "sha512-dcQ1GWpOD/eEQ97k66aiEVpNnapVj90/+R+SXTPYGHpYBBypfKJEQjLrvMZ7YXbKm21gXd4NcuxUTjiv1YtLng=="
    },
    "xmlhttprequest": {
      "version": "1.8.0",
      "resolved": "https://registry.npmjs.org/xmlhttprequest/-/xmlhttprequest-1.8.0.tgz",
      "integrity": "sha1-Z/4HXFwk/vOfnWX197f+dRcZaPw="
    }
  }
}
